
Microsoft Visual Studio Solution File, Format Version 12.00
# Visual Studio Version 16
VisualStudioVersion = 16.0.30907.101
MinimumVisualStudioVersion = 10.0.40219.1
Project("{2150E333-8FDC-42A3-9474-1A3956D46DE8}") = "Client", "Client", "{3371FB5B-956C-4B26-867E-532F3F930991}"
EndProject
Project("{2150E333-8FDC-42A3-9474-1A3956D46DE8}") = "Server", "Server", "{9842CD36-EF68-4542-B7BE-8C429CDFD949}"
EndProject
Project("{FAE04EC0-301F-11D3-BF4B-00C04F79EFBC}") = "Client.View", "Client.View\Client.View.csproj", "{9014FA33-EDEB-4EE8-8415-13F04A10941D}"
EndProject
Project("{FAE04EC0-301F-11D3-BF4B-00C04F79EFBC}") = "Client.ViewModel", "Client.ViewModel\Client.ViewModel.csproj", "{DA9DF2D4-2FEF-4410-AB0D-0866A06BD2D7}"
EndProject
Project("{FAE04EC0-301F-11D3-BF4B-00C04F79EFBC}") = "Client.BusinessLogic", "Client.BusinessLogic\Client.BusinessLogic.csproj", "{A6D3AE06-67C0-43D0-A854-96E6215407D7}"
EndProject
Project("{FAE04EC0-301F-11D3-BF4B-00C04F79EFBC}") = "Server.BusinessLogic", "Server.BusinessLogic\Server.BusinessLogic.csproj", "{A55021E6-D041-4AA9-8579-4B7271374EB1}"
EndProject
Project("{FAE04EC0-301F-11D3-BF4B-00C04F79EFBC}") = "Server.Console", "Server.Console\Server.Console.csproj", "{E4F9DD4A-1EDA-4DDC-9677-E75FB8E79ACE}"
EndProject
Project("{2150E333-8FDC-42A3-9474-1A3956D46DE8}") = "Common", "Common", "{FADC5A1C-84DA-429F-94A3-E21C9E69D6FE}"
EndProject
Project("{9A19103F-16F7-4668-BE54-9A1E7A4F7556}") = "Common.Network", "Common.Network\Common.Network.csproj", "{42847006-D2DD-4A7D-864C-947C41CFE41D}"
EndProject
Project("{FAE04EC0-301F-11D3-BF4B-00C04F79EFBC}") = "Common.DataBase", "Common.DataBase\Common.DataBase.csproj", "{869071E2-902E-4457-9BC2-70E587DD315F}"
EndProject
Project("{FAE04EC0-301F-11D3-BF4B-00C04F79EFBC}") = "Server.Forms", "Server.Forms\Server.Forms.csproj", "{53F6B56B-92C1-498F-B575-C27197AD1C19}"
EndProject
Project("{FAE04EC0-301F-11D3-BF4B-00C04F79EFBC}") = "Common.DataBaseAndNetwork", "Common.DataBaseAndNetwork\Common.DataBaseAndNetwork.csproj", "{8F842FC6-2CC1-4A3E-BD89-37677550A28C}"
EndProject
Global
	GlobalSection(SolutionConfigurationPlatforms) = preSolution
		Debug|Any CPU = Debug|Any CPU
		Release|Any CPU = Release|Any CPU
	EndGlobalSection
	GlobalSection(ProjectConfigurationPlatforms) = postSolution
		{9014FA33-EDEB-4EE8-8415-13F04A10941D}.Debug|Any CPU.ActiveCfg = Debug|Any CPU
		{9014FA33-EDEB-4EE8-8415-13F04A10941D}.Debug|Any CPU.Build.0 = Debug|Any CPU
		{9014FA33-EDEB-4EE8-8415-13F04A10941D}.Release|Any CPU.ActiveCfg = Release|Any CPU
		{9014FA33-EDEB-4EE8-8415-13F04A10941D}.Release|Any CPU.Build.0 = Release|Any CPU
		{DA9DF2D4-2FEF-4410-AB0D-0866A06BD2D7}.Debug|Any CPU.ActiveCfg = Debug|Any CPU
		{DA9DF2D4-2FEF-4410-AB0D-0866A06BD2D7}.Debug|Any CPU.Build.0 = Debug|Any CPU
		{DA9DF2D4-2FEF-4410-AB0D-0866A06BD2D7}.Release|Any CPU.ActiveCfg = Release|Any CPU
		{DA9DF2D4-2FEF-4410-AB0D-0866A06BD2D7}.Release|Any CPU.Build.0 = Release|Any CPU
		{A6D3AE06-67C0-43D0-A854-96E6215407D7}.Debug|Any CPU.ActiveCfg = Debug|Any CPU
		{A6D3AE06-67C0-43D0-A854-96E6215407D7}.Debug|Any CPU.Build.0 = Debug|Any CPU
		{A6D3AE06-67C0-43D0-A854-96E6215407D7}.Release|Any CPU.ActiveCfg = Release|Any CPU
		{A6D3AE06-67C0-43D0-A854-96E6215407D7}.Release|Any CPU.Build.0 = Release|Any CPU
		{A55021E6-D041-4AA9-8579-4B7271374EB1}.Debug|Any CPU.ActiveCfg = Debug|Any CPU
		{A55021E6-D041-4AA9-8579-4B7271374EB1}.Debug|Any CPU.Build.0 = Debug|Any CPU
		{A55021E6-D041-4AA9-8579-4B7271374EB1}.Release|Any CPU.ActiveCfg = Release|Any CPU
		{A55021E6-D041-4AA9-8579-4B7271374EB1}.Release|Any CPU.Build.0 = Release|Any CPU
		{E4F9DD4A-1EDA-4DDC-9677-E75FB8E79ACE}.Debug|Any CPU.ActiveCfg = Debug|Any CPU
		{E4F9DD4A-1EDA-4DDC-9677-E75FB8E79ACE}.Debug|Any CPU.Build.0 = Debug|Any CPU
		{E4F9DD4A-1EDA-4DDC-9677-E75FB8E79ACE}.Release|Any CPU.ActiveCfg = Release|Any CPU
		{E4F9DD4A-1EDA-4DDC-9677-E75FB8E79ACE}.Release|Any CPU.Build.0 = Release|Any CPU
		{42847006-D2DD-4A7D-864C-947C41CFE41D}.Debug|Any CPU.ActiveCfg = Debug|Any CPU
		{42847006-D2DD-4A7D-864C-947C41CFE41D}.Debug|Any CPU.Build.0 = Debug|Any CPU
		{42847006-D2DD-4A7D-864C-947C41CFE41D}.Release|Any CPU.ActiveCfg = Release|Any CPU
		{42847006-D2DD-4A7D-864C-947C41CFE41D}.Release|Any CPU.Build.0 = Release|Any CPU
		{869071E2-902E-4457-9BC2-70E587DD315F}.Debug|Any CPU.ActiveCfg = Debug|Any CPU
		{869071E2-902E-4457-9BC2-70E587DD315F}.Debug|Any CPU.Build.0 = Debug|Any CPU
		{869071E2-902E-4457-9BC2-70E587DD315F}.Release|Any CPU.ActiveCfg = Release|Any CPU
		{869071E2-902E-4457-9BC2-70E587DD315F}.Release|Any CPU.Build.0 = Release|Any CPU
		{53F6B56B-92C1-498F-B575-C27197AD1C19}.Debug|Any CPU.ActiveCfg = Debug|Any CPU
		{53F6B56B-92C1-498F-B575-C27197AD1C19}.Debug|Any CPU.Build.0 = Debug|Any CPU
		{53F6B56B-92C1-498F-B575-C27197AD1C19}.Release|Any CPU.ActiveCfg = Release|Any CPU
		{53F6B56B-92C1-498F-B575-C27197AD1C19}.Release|Any CPU.Build.0 = Release|Any CPU
		{8F842FC6-2CC1-4A3E-BD89-37677550A28C}.Debug|Any CPU.ActiveCfg = Debug|Any CPU
		{8F842FC6-2CC1-4A3E-BD89-37677550A28C}.Debug|Any CPU.Build.0 = Debug|Any CPU
		{8F842FC6-2CC1-4A3E-BD89-37677550A28C}.Release|Any CPU.ActiveCfg = Release|Any CPU
		{8F842FC6-2CC1-4A3E-BD89-37677550A28C}.Release|Any CPU.Build.0 = Release|Any CPU
	EndGlobalSection
	GlobalSection(SolutionProperties) = preSolution
		HideSolutionNode = FALSE
	EndGlobalSection
	GlobalSection(NestedProjects) = preSolution
		{9014FA33-EDEB-4EE8-8415-13F04A10941D} = {3371FB5B-956C-4B26-867E-532F3F930991}
		{DA9DF2D4-2FEF-4410-AB0D-0866A06BD2D7} = {3371FB5B-956C-4B26-867E-532F3F930991}
		{A6D3AE06-67C0-43D0-A854-96E6215407D7} = {3371FB5B-956C-4B26-867E-532F3F930991}
		{A55021E6-D041-4AA9-8579-4B7271374EB1} = {9842CD36-EF68-4542-B7BE-8C429CDFD949}
		{E4F9DD4A-1EDA-4DDC-9677-E75FB8E79ACE} = {9842CD36-EF68-4542-B7BE-8C429CDFD949}
		{42847006-D2DD-4A7D-864C-947C41CFE41D} = {FADC5A1C-84DA-429F-94A3-E21C9E69D6FE}
		{869071E2-902E-4457-9BC2-70E587DD315F} = {FADC5A1C-84DA-429F-94A3-E21C9E69D6FE}
		{53F6B56B-92C1-498F-B575-C27197AD1C19} = {9842CD36-EF68-4542-B7BE-8C429CDFD949}
		{8F842FC6-2CC1-4A3E-BD89-37677550A28C} = {FADC5A1C-84DA-429F-94A3-E21C9E69D6FE}
	EndGlobalSection
	GlobalSection(ExtensibilityGlobals) = postSolution
		SolutionGuid = {1E51019C-67AD-4606-B9DA-E4472C1456F4}
	EndGlobalSection
EndGlobal
